
Microsoft Visual Studio Solution File, Format Version 12.00
# Visual Studio Version 17
VisualStudioVersion = 17.2.32616.157
MinimumVisualStudioVersion = 10.0.40219.1
Project("{FAE04EC0-301F-11D3-BF4B-00C04F79EFBC}") = "WcfServiceGestaoClientes", "WcfServiceGestaoClientes\WcfServiceGestaoClientes.csproj", "{4716E6B7-9BFD-45C5-8A22-8A25D53059CA}"
EndProject
Global
	GlobalSection(SolutionConfigurationPlatforms) = preSolution
		Debug|Any CPU = Debug|Any CPU
		Release|Any CPU = Release|Any CPU
	EndGlobalSection
	GlobalSection(ProjectConfigurationPlatforms) = postSolution
		{4716E6B7-9BFD-45C5-8A22-8A25D53059CA}.Debug|Any CPU.ActiveCfg = Debug|Any CPU
		{4716E6B7-9BFD-45C5-8A22-8A25D53059CA}.Debug|Any CPU.Build.0 = Debug|Any CPU
		{4716E6B7-9BFD-45C5-8A22-8A25D53059CA}.Release|Any CPU.ActiveCfg = Release|Any CPU
		{4716E6B7-9BFD-45C5-8A22-8A25D53059CA}.Release|Any CPU.Build.0 = Release|Any CPU
	EndGlobalSection
	GlobalSection(SolutionProperties) = preSolution
		HideSolutionNode = FALSE
	EndGlobalSection
	GlobalSection(ExtensibilityGlobals) = postSolution
		SolutionGuid = {DA398493-DAE2-48A3-B761-328F5C53EE20}
	EndGlobalSection
EndGlobal
